// !$*UTF8*$!
{
	archiveVersion = 1;
	classes = {
	};
	objectVersion = 51;
	objects = {

/* Begin PBXBuildFile section */
		01E12277200AC0B8B27F4FD9 /* i18n.swift in Sources */ = {isa = PBXBuildFile; fileRef = 80F649E50AECF7B29A269C1B /* i18n.swift */; };
		027840004C5EFE33C8F2A972 /* ID.swift in Sources */ = {isa = PBXBuildFile; fileRef = D6789185671B7BBBD81A74BD /* ID.swift */; };
		0D2D8677681F3A2CC1FB2628 /* Status.swift in Sources */ = {isa = PBXBuildFile; fileRef = 007C99893CE19A4EAFD47D86 /* Status.swift */; };
		0D877690D4215DFB459BBF84 /* Log.swift in Sources */ = {isa = PBXBuildFile; fileRef = 57C70ED0ACA5D3F5BF7C2DC0 /* Log.swift */; };
		120BF35BF747F34BD983640E /* JSONEncoder+8601.swift in Sources */ = {isa = PBXBuildFile; fileRef = 1737FC9CBAF0E64E176C6C5F /* JSONEncoder+8601.swift */; };
		13B74F8F9E663A4DA8553CE8 /* Networking.framework in Frameworks */ = {isa = PBXBuildFile; fileRef = CEB94AB396956A091A12E05B /* Networking.framework */; };
		13DA4EEF8E83ED551FAE4CBD /* Report.swift in Sources */ = {isa = PBXBuildFile; fileRef = 5423B4D19872FBCF983A6C6D /* Report.swift */; };
		19B630CFDE962FB260D84555 /* SessionDynamic in Frameworks */ = {isa = PBXBuildFile; productRef = 198DA07B2F1DBB639D58456C /* SessionDynamic */; };
		1B1584A2B5A84B0E22953241 /* Coordinates.swift in Sources */ = {isa = PBXBuildFile; fileRef = DCED6C76265B62AE92CA6A88 /* Coordinates.swift */; };
		1C2FDA3F7C9F712AF69C9D95 /* GenericJSONDecoder+HTTPResult.swift in Sources */ = {isa = PBXBuildFile; fileRef = 0CEA89BBA4CEE1DE8385006A /* GenericJSONDecoder+HTTPResult.swift */; };
		2BD728ED719D4905468B14D4 /* Info.swift in Sources */ = {isa = PBXBuildFile; fileRef = C7CD8578637AED413186495A /* Info.swift */; };
		34C56018EA8488AE151D1D29 /* JSONDecoder+8601.swift in Sources */ = {isa = PBXBuildFile; fileRef = 204484484B286934144D8FEB /* JSONDecoder+8601.swift */; };
		3CBCDF215591CB2634B53868 /* Configure.swift in Sources */ = {isa = PBXBuildFile; fileRef = 7C07E402762C4C66A341B871 /* Configure.swift */; };
		3D2578521199DEDF8CD1BBC3 /* LogDynamic in Frameworks */ = {isa = PBXBuildFile; productRef = DBA313BE009503F1C591F6DF /* LogDynamic */; };
		400E1D7E888F10A7F1CEFD1E /* Data+JSON.swift in Sources */ = {isa = PBXBuildFile; fileRef = C11D2AB53FD7231F143FEAB1 /* Data+JSON.swift */; };
		4464BCF82DD1534664AFFA09 /* SessionDynamic in Frameworks */ = {isa = PBXBuildFile; productRef = AC1F718AB6E4EA3ABBB920F0 /* SessionDynamic */; };
		5117508A48085D884149A399 /* LogDynamic in Frameworks */ = {isa = PBXBuildFile; productRef = 7C4CD1F03B5F53E58C290555 /* LogDynamic */; };
		5700F959C0A8F0BBE64AB531 /* resource_bundle_accessor.swift in Sources */ = {isa = PBXBuildFile; fileRef = B5A0BFA7EF9D8FBFDE2C5A3C /* resource_bundle_accessor.swift */; };
		667FEBFC8292ADC1B6C9735C /* MetadataTypeTests.swift in Sources */ = {isa = PBXBuildFile; fileRef = B01072C07F694F2CB9332E3D /* MetadataTypeTests.swift */; };
		677FAC5676D45C2F79441BD0 /* RequestError.swift in Sources */ = {isa = PBXBuildFile; fileRef = 873F70C0137FAC5130766D76 /* RequestError.swift */; };
		6B00DED1F10E80D5A9A40B51 /* Response.swift in Sources */ = {isa = PBXBuildFile; fileRef = B4ADBEA5004EC90EC62133BE /* Response.swift */; };
		6BB4DA65B5DB5CDBD575BD31 /* Location.swift in Sources */ = {isa = PBXBuildFile; fileRef = 16364CCE433B645AB77AC816 /* Location.swift */; };
		6D04CE3BC91B76115B270CBE /* URLRequest+Resource.swift in Sources */ = {isa = PBXBuildFile; fileRef = 946FC6F55929895C78456E7E /* URLRequest+Resource.swift */; };
		716D267FBC806581F6896A9B /* ReportTests.swift in Sources */ = {isa = PBXBuildFile; fileRef = 15C47F8CA651B370C1FBC1C1 /* ReportTests.swift */; };
		72D69004A0AF64C84B6649B4 /* Networking.framework in Embed Frameworks */ = {isa = PBXBuildFile; fileRef = CEB94AB396956A091A12E05B /* Networking.framework */; settings = {ATTRIBUTES = (CodeSignOnCopy, RemoveHeadersOnCopy, ); }; };
		76F3BE5589C9ACD6C3CCF09F /* Timezone.swift in Sources */ = {isa = PBXBuildFile; fileRef = FBC659AB3264FC7669DC87F3 /* Timezone.swift */; };
		7BCDF427E3578741B23A7CBD /* Formatter+8601.swift in Sources */ = {isa = PBXBuildFile; fileRef = 5E4A24841656BB23D0637676 /* Formatter+8601.swift */; };
		810884B51AF9240A3B3F468B /* LogBuilder.swift in Sources */ = {isa = PBXBuildFile; fileRef = 97F6400A295214857386E69E /* LogBuilder.swift */; };
		876B5901464F2D62D7E0A881 /* i18nTests.swift in Sources */ = {isa = PBXBuildFile; fileRef = A55B745559A9F37B704CAF14 /* i18nTests.swift */; };
		8A12FF2431D7EB72C7456E40 /* MediaType.swift in Sources */ = {isa = PBXBuildFile; fileRef = DD6776A1FAE9F82D7DD073CC /* MediaType.swift */; };
		8F4023930E4F11D383290349 /* Login.swift in Sources */ = {isa = PBXBuildFile; fileRef = 9097C699CFA027D3A83A3764 /* Login.swift */; };
		97FDE2972D35AAEB9221A4B5 /* Localizable.strings in Resources */ = {isa = PBXBuildFile; fileRef = 8A25B5B76C10FC54CC4879F1 /* Localizable.strings */; };
		9A65A27C1D255603CF659B1C /* SectionTests.swift in Sources */ = {isa = PBXBuildFile; fileRef = A663DB096B426A85A7CA543E /* SectionTests.swift */; };
		9DD004401E9289FD372CA92B /* Resource.swift in Sources */ = {isa = PBXBuildFile; fileRef = 70B0B8A539986C0E6BDCFABA /* Resource.swift */; };
		A10F41385175EF3FE6867C17 /* ReportSection.swift in Sources */ = {isa = PBXBuildFile; fileRef = F16560DB436BBD19D8E2A64B /* ReportSection.swift */; };
		A2645A7F59F4CA5BBA8AF194 /* Dob.swift in Sources */ = {isa = PBXBuildFile; fileRef = 55CE3A695B57A1A05EC1DDC1 /* Dob.swift */; };
		A41E65D614CEA78C157A6D85 /* GenericJSONDecoderTests.swift in Sources */ = {isa = PBXBuildFile; fileRef = 778BE35B5B785CA4586E9FBA /* GenericJSONDecoderTests.swift */; };
		A6C141E0F778FAE73135CD74 /* oneRandomUser.json in Resources */ = {isa = PBXBuildFile; fileRef = EE1262E62BE709CA214FE857 /* oneRandomUser.json */; };
		A7DAC55095A4CC4F7F6C8A3C /* MetadataType.swift in Sources */ = {isa = PBXBuildFile; fileRef = 3D39E1C4ED9DF65FD8D70D2E /* MetadataType.swift */; };
		A92403D6A2CE7BB60EEB53FC /* JSONDecoder8601Tests.swift in Sources */ = {isa = PBXBuildFile; fileRef = 542DF10FEC0A62A7AF369A36 /* JSONDecoder8601Tests.swift */; };
		B1E167C1C755787D14F8A713 /* Client.swift in Sources */ = {isa = PBXBuildFile; fileRef = EE56B082FAC753BF6F6FB3C8 /* Client.swift */; };
		B7EF70B8093FE16FA544498E /* JSONEncoder8601Tests.swift in Sources */ = {isa = PBXBuildFile; fileRef = 7FC42567C3874D5392B99B2D /* JSONEncoder8601Tests.swift */; };
		BC3879F7FF0E019B3498B63C /* Name.swift in Sources */ = {isa = PBXBuildFile; fileRef = 9564F12793AF7219ABCAAC01 /* Name.swift */; };
		C1D5847836E8F5434AAF3FD9 /* resource_bundle_accessor.swift in Sources */ = {isa = PBXBuildFile; fileRef = C1472DAFCF9C3C62D7FF26C1 /* resource_bundle_accessor.swift */; };
		C84F2EA43E814D4B706A56F1 /* GenericJSONDecoder.swift in Sources */ = {isa = PBXBuildFile; fileRef = 01578350E2B662422E74C3FA /* GenericJSONDecoder.swift */; };
		CA3241DC12C9755C2DF3CB1F /* User.swift in Sources */ = {isa = PBXBuildFile; fileRef = 57652E62945CEDB8ED9D2414 /* User.swift */; };
		D97CC0EB2B7FA62939569B3A /* Picture.swift in Sources */ = {isa = PBXBuildFile; fileRef = 61F9366E79B70098DCF2FEFF /* Picture.swift */; };
		DC2E77046842049419B05444 /* HTTPResult.swift in Sources */ = {isa = PBXBuildFile; fileRef = 82645031C5F7FCEE98ECDC2E /* HTTPResult.swift */; };
		DFA03A3FC496D1203F87750C /* ClientTests.swift in Sources */ = {isa = PBXBuildFile; fileRef = 6FB8ED97FDD0FA288769CF2D /* ClientTests.swift */; };
		DFF4A5BCE9034672C8FDA05A /* PrettyDecodingError.swift in Sources */ = {isa = PBXBuildFile; fileRef = 45BBC779DDCF389F0A955378 /* PrettyDecodingError.swift */; };
		E78455D845D0AA37CD883596 /* Method.swift in Sources */ = {isa = PBXBuildFile; fileRef = 60D15A786C612CA158EF5B6E /* Method.swift */; };
		E8D5D2CD0BADA8C52BD4DB36 /* Street.swift in Sources */ = {isa = PBXBuildFile; fileRef = B2900C7A287952108F0EB283 /* Street.swift */; };
		F47588E20E6F0C0FFE82FF9E /* LogBuilderTests.swift in Sources */ = {isa = PBXBuildFile; fileRef = 95255E29946D96D1CF5F19B5 /* LogBuilderTests.swift */; };
		F50D5463E0F36A7D62F70C77 /* Signpost.swift in Sources */ = {isa = PBXBuildFile; fileRef = 628E469DAF3BB45B346841BD /* Signpost.swift */; };
/* End PBXBuildFile section */

/* Begin PBXContainerItemProxy section */
		ED7EDCEFD6B3F4FA69922245 /* PBXContainerItemProxy */ = {
			isa = PBXContainerItemProxy;
			containerPortal = CC04E9F23ECE8BE9BFA0029D /* Project object */;
			proxyType = 1;
			remoteGlobalIDString = 1E63DC1CCC5B22B03E06E966;
			remoteInfo = Networking;
		};
/* End PBXContainerItemProxy section */

/* Begin PBXCopyFilesBuildPhase section */
		91802F57CFB9639C7F423B15 /* Embed Frameworks */ = {
			isa = PBXCopyFilesBuildPhase;
			buildActionMask = 2147483647;
			dstPath = "";
			dstSubfolderSpec = 10;
			files = (
				72D69004A0AF64C84B6649B4 /* Networking.framework in Embed Frameworks */,
			);
			name = "Embed Frameworks";
			runOnlyForDeploymentPostprocessing = 0;
		};
/* End PBXCopyFilesBuildPhase section */

/* Begin PBXFileReference section */
		007C99893CE19A4EAFD47D86 /* Status.swift */ = {isa = PBXFileReference; lastKnownFileType = sourcecode.swift; path = Status.swift; sourceTree = "<group>"; };
		01578350E2B662422E74C3FA /* GenericJSONDecoder.swift */ = {isa = PBXFileReference; lastKnownFileType = sourcecode.swift; path = GenericJSONDecoder.swift; sourceTree = "<group>"; };
		0C0B2CFB32A0D34B7BDE553C /* en */ = {isa = PBXFileReference; lastKnownFileType = text.plist.strings; name = en; path = en.lproj/Localizable.strings; sourceTree = "<group>"; };
		0CEA89BBA4CEE1DE8385006A /* GenericJSONDecoder+HTTPResult.swift */ = {isa = PBXFileReference; lastKnownFileType = sourcecode.swift; path = "GenericJSONDecoder+HTTPResult.swift"; sourceTree = "<group>"; };
		15C47F8CA651B370C1FBC1C1 /* ReportTests.swift */ = {isa = PBXFileReference; lastKnownFileType = sourcecode.swift; path = ReportTests.swift; sourceTree = "<group>"; };
		16364CCE433B645AB77AC816 /* Location.swift */ = {isa = PBXFileReference; lastKnownFileType = sourcecode.swift; path = Location.swift; sourceTree = "<group>"; };
		1737FC9CBAF0E64E176C6C5F /* JSONEncoder+8601.swift */ = {isa = PBXFileReference; lastKnownFileType = sourcecode.swift; path = "JSONEncoder+8601.swift"; sourceTree = "<group>"; };
		204484484B286934144D8FEB /* JSONDecoder+8601.swift */ = {isa = PBXFileReference; lastKnownFileType = sourcecode.swift; path = "JSONDecoder+8601.swift"; sourceTree = "<group>"; };
		3D39E1C4ED9DF65FD8D70D2E /* MetadataType.swift */ = {isa = PBXFileReference; lastKnownFileType = sourcecode.swift; path = MetadataType.swift; sourceTree = "<group>"; };
		45BBC779DDCF389F0A955378 /* PrettyDecodingError.swift */ = {isa = PBXFileReference; lastKnownFileType = sourcecode.swift; path = PrettyDecodingError.swift; sourceTree = "<group>"; };
		5423B4D19872FBCF983A6C6D /* Report.swift */ = {isa = PBXFileReference; lastKnownFileType = sourcecode.swift; path = Report.swift; sourceTree = "<group>"; };
		542DF10FEC0A62A7AF369A36 /* JSONDecoder8601Tests.swift */ = {isa = PBXFileReference; lastKnownFileType = sourcecode.swift; path = JSONDecoder8601Tests.swift; sourceTree = "<group>"; };
		55CE3A695B57A1A05EC1DDC1 /* Dob.swift */ = {isa = PBXFileReference; lastKnownFileType = sourcecode.swift; path = Dob.swift; sourceTree = "<group>"; };
		57652E62945CEDB8ED9D2414 /* User.swift */ = {isa = PBXFileReference; lastKnownFileType = sourcecode.swift; path = User.swift; sourceTree = "<group>"; };
		57C70ED0ACA5D3F5BF7C2DC0 /* Log.swift */ = {isa = PBXFileReference; lastKnownFileType = sourcecode.swift; path = Log.swift; sourceTree = "<group>"; };
		5E4A24841656BB23D0637676 /* Formatter+8601.swift */ = {isa = PBXFileReference; lastKnownFileType = sourcecode.swift; path = "Formatter+8601.swift"; sourceTree = "<group>"; };
		60D15A786C612CA158EF5B6E /* Method.swift */ = {isa = PBXFileReference; lastKnownFileType = sourcecode.swift; path = Method.swift; sourceTree = "<group>"; };
		61F9366E79B70098DCF2FEFF /* Picture.swift */ = {isa = PBXFileReference; lastKnownFileType = sourcecode.swift; path = Picture.swift; sourceTree = "<group>"; };
		628E469DAF3BB45B346841BD /* Signpost.swift */ = {isa = PBXFileReference; lastKnownFileType = sourcecode.swift; path = Signpost.swift; sourceTree = "<group>"; };
		6FB8ED97FDD0FA288769CF2D /* ClientTests.swift */ = {isa = PBXFileReference; lastKnownFileType = sourcecode.swift; path = ClientTests.swift; sourceTree = "<group>"; };
		70B0B8A539986C0E6BDCFABA /* Resource.swift */ = {isa = PBXFileReference; lastKnownFileType = sourcecode.swift; path = Resource.swift; sourceTree = "<group>"; };
		778BE35B5B785CA4586E9FBA /* GenericJSONDecoderTests.swift */ = {isa = PBXFileReference; lastKnownFileType = sourcecode.swift; path = GenericJSONDecoderTests.swift; sourceTree = "<group>"; };
		7C07E402762C4C66A341B871 /* Configure.swift */ = {isa = PBXFileReference; lastKnownFileType = sourcecode.swift; path = Configure.swift; sourceTree = "<group>"; };
		7FC42567C3874D5392B99B2D /* JSONEncoder8601Tests.swift */ = {isa = PBXFileReference; lastKnownFileType = sourcecode.swift; path = JSONEncoder8601Tests.swift; sourceTree = "<group>"; };
		80F649E50AECF7B29A269C1B /* i18n.swift */ = {isa = PBXFileReference; lastKnownFileType = sourcecode.swift; path = i18n.swift; sourceTree = "<group>"; };
		82645031C5F7FCEE98ECDC2E /* HTTPResult.swift */ = {isa = PBXFileReference; lastKnownFileType = sourcecode.swift; path = HTTPResult.swift; sourceTree = "<group>"; };
		873F70C0137FAC5130766D76 /* RequestError.swift */ = {isa = PBXFileReference; lastKnownFileType = sourcecode.swift; path = RequestError.swift; sourceTree = "<group>"; };
		9097C699CFA027D3A83A3764 /* Login.swift */ = {isa = PBXFileReference; lastKnownFileType = sourcecode.swift; path = Login.swift; sourceTree = "<group>"; };
		946FC6F55929895C78456E7E /* URLRequest+Resource.swift */ = {isa = PBXFileReference; lastKnownFileType = sourcecode.swift; path = "URLRequest+Resource.swift"; sourceTree = "<group>"; };
		95255E29946D96D1CF5F19B5 /* LogBuilderTests.swift */ = {isa = PBXFileReference; lastKnownFileType = sourcecode.swift; path = LogBuilderTests.swift; sourceTree = "<group>"; };
		9564F12793AF7219ABCAAC01 /* Name.swift */ = {isa = PBXFileReference; lastKnownFileType = sourcecode.swift; path = Name.swift; sourceTree = "<group>"; };
		97F6400A295214857386E69E /* LogBuilder.swift */ = {isa = PBXFileReference; lastKnownFileType = sourcecode.swift; path = LogBuilder.swift; sourceTree = "<group>"; };
		A55B745559A9F37B704CAF14 /* i18nTests.swift */ = {isa = PBXFileReference; lastKnownFileType = sourcecode.swift; path = i18nTests.swift; sourceTree = "<group>"; };
		A663DB096B426A85A7CA543E /* SectionTests.swift */ = {isa = PBXFileReference; lastKnownFileType = sourcecode.swift; path = SectionTests.swift; sourceTree = "<group>"; };
		B01072C07F694F2CB9332E3D /* MetadataTypeTests.swift */ = {isa = PBXFileReference; lastKnownFileType = sourcecode.swift; path = MetadataTypeTests.swift; sourceTree = "<group>"; };
		B2900C7A287952108F0EB283 /* Street.swift */ = {isa = PBXFileReference; lastKnownFileType = sourcecode.swift; path = Street.swift; sourceTree = "<group>"; };
		B4ADBEA5004EC90EC62133BE /* Response.swift */ = {isa = PBXFileReference; lastKnownFileType = sourcecode.swift; path = Response.swift; sourceTree = "<group>"; };
		B5A0BFA7EF9D8FBFDE2C5A3C /* resource_bundle_accessor.swift */ = {isa = PBXFileReference; lastKnownFileType = sourcecode.swift; path = resource_bundle_accessor.swift; sourceTree = "<group>"; };
		C11D2AB53FD7231F143FEAB1 /* Data+JSON.swift */ = {isa = PBXFileReference; lastKnownFileType = sourcecode.swift; path = "Data+JSON.swift"; sourceTree = "<group>"; };
		C1472DAFCF9C3C62D7FF26C1 /* resource_bundle_accessor.swift */ = {isa = PBXFileReference; lastKnownFileType = sourcecode.swift; path = resource_bundle_accessor.swift; sourceTree = "<group>"; };
		C28CA6C82EF4E4680A851764 /* NetworkingTests.xctest */ = {isa = PBXFileReference; includeInIndex = 0; lastKnownFileType = wrapper.cfbundle; path = NetworkingTests.xctest; sourceTree = BUILT_PRODUCTS_DIR; };
		C7CD8578637AED413186495A /* Info.swift */ = {isa = PBXFileReference; lastKnownFileType = sourcecode.swift; path = Info.swift; sourceTree = "<group>"; };
		CEB94AB396956A091A12E05B /* Networking.framework */ = {isa = PBXFileReference; explicitFileType = wrapper.framework; includeInIndex = 0; path = Networking.framework; sourceTree = BUILT_PRODUCTS_DIR; };
		D6789185671B7BBBD81A74BD /* ID.swift */ = {isa = PBXFileReference; lastKnownFileType = sourcecode.swift; path = ID.swift; sourceTree = "<group>"; };
		DCED6C76265B62AE92CA6A88 /* Coordinates.swift */ = {isa = PBXFileReference; lastKnownFileType = sourcecode.swift; path = Coordinates.swift; sourceTree = "<group>"; };
		DD6776A1FAE9F82D7DD073CC /* MediaType.swift */ = {isa = PBXFileReference; lastKnownFileType = sourcecode.swift; path = MediaType.swift; sourceTree = "<group>"; };
		EE1262E62BE709CA214FE857 /* oneRandomUser.json */ = {isa = PBXFileReference; lastKnownFileType = text.json; path = oneRandomUser.json; sourceTree = "<group>"; };
		EE56B082FAC753BF6F6FB3C8 /* Client.swift */ = {isa = PBXFileReference; lastKnownFileType = sourcecode.swift; path = Client.swift; sourceTree = "<group>"; };
		F16560DB436BBD19D8E2A64B /* ReportSection.swift */ = {isa = PBXFileReference; lastKnownFileType = sourcecode.swift; path = ReportSection.swift; sourceTree = "<group>"; };
		FBC659AB3264FC7669DC87F3 /* Timezone.swift */ = {isa = PBXFileReference; lastKnownFileType = sourcecode.swift; path = Timezone.swift; sourceTree = "<group>"; };
/* End PBXFileReference section */

/* Begin PBXFrameworksBuildPhase section */
		1E0CC9ED941C2A318D84DDCE /* Frameworks */ = {
			isa = PBXFrameworksBuildPhase;
			buildActionMask = 2147483647;
			files = (
				3D2578521199DEDF8CD1BBC3 /* LogDynamic in Frameworks */,
				19B630CFDE962FB260D84555 /* SessionDynamic in Frameworks */,
				13B74F8F9E663A4DA8553CE8 /* Networking.framework in Frameworks */,
			);
			runOnlyForDeploymentPostprocessing = 0;
		};
		EDC35DF7348B62B9866B925F /* Frameworks */ = {
			isa = PBXFrameworksBuildPhase;
			buildActionMask = 2147483647;
			files = (
				5117508A48085D884149A399 /* LogDynamic in Frameworks */,
				4464BCF82DD1534664AFFA09 /* SessionDynamic in Frameworks */,
			);
			runOnlyForDeploymentPostprocessing = 0;
		};
/* End PBXFrameworksBuildPhase section */

/* Begin PBXGroup section */
		016ACCE0F3D28BB23381DE8A /* report */ = {
			isa = PBXGroup;
			children = (
				97F6400A295214857386E69E /* LogBuilder.swift */,
				5423B4D19872FBCF983A6C6D /* Report.swift */,
				F16560DB436BBD19D8E2A64B /* ReportSection.swift */,
			);
			path = report;
			sourceTree = "<group>";
		};
		0E5A08AC505104664C26F519 /* tests */ = {
			isa = PBXGroup;
			children = (
				A55B745559A9F37B704CAF14 /* i18nTests.swift */,
				3ABD34098C627F91AEA01521 /* client */,
				692D41D5DA6CE33B7BE93896 /* json */,
				E6BFF05E0B5552FAF2246D56 /* randomuser */,
				367405F92FCABCDA8370AAB3 /* report */,
				E92703BD4C7F9605D4DE9C0C /* resources */,
			);
			path = tests;
			sourceTree = "<group>";
		};
		30F0F7D85AD969C503A347FB /* sources */ = {
			isa = PBXGroup;
			children = (
				5471D522C4E2AB860BD2968A /* main */,
				0E5A08AC505104664C26F519 /* tests */,
			);
			path = sources;
			sourceTree = "<group>";
		};
		367405F92FCABCDA8370AAB3 /* report */ = {
			isa = PBXGroup;
			children = (
				95255E29946D96D1CF5F19B5 /* LogBuilderTests.swift */,
				15C47F8CA651B370C1FBC1C1 /* ReportTests.swift */,
				A663DB096B426A85A7CA543E /* SectionTests.swift */,
			);
			path = report;
			sourceTree = "<group>";
		};
		3ABD34098C627F91AEA01521 /* client */ = {
			isa = PBXGroup;
			children = (
				6FB8ED97FDD0FA288769CF2D /* ClientTests.swift */,
			);
			path = client;
			sourceTree = "<group>";
		};
		3F4DC6587379F1E33C97D4C9 /* resources */ = {
			isa = PBXGroup;
			children = (
				8A25B5B76C10FC54CC4879F1 /* Localizable.strings */,
			);
			path = resources;
			sourceTree = "<group>";
		};
		5471D522C4E2AB860BD2968A /* main */ = {
			isa = PBXGroup;
			children = (
				EE56B082FAC753BF6F6FB3C8 /* Client.swift */,
				7C07E402762C4C66A341B871 /* Configure.swift */,
				0CEA89BBA4CEE1DE8385006A /* GenericJSONDecoder+HTTPResult.swift */,
				82645031C5F7FCEE98ECDC2E /* HTTPResult.swift */,
				80F649E50AECF7B29A269C1B /* i18n.swift */,
				57C70ED0ACA5D3F5BF7C2DC0 /* Log.swift */,
				873F70C0137FAC5130766D76 /* RequestError.swift */,
				70B0B8A539986C0E6BDCFABA /* Resource.swift */,
				946FC6F55929895C78456E7E /* URLRequest+Resource.swift */,
				FAD8245DC6DBBDEDD39AEE1D /* http */,
				90C232D700553FFE6EF95E18 /* json */,
				016ACCE0F3D28BB23381DE8A /* report */,
				3F4DC6587379F1E33C97D4C9 /* resources */,
				95FFA5273E68518B2E35D19C /* signpost */,
			);
			path = main;
			sourceTree = "<group>";
		};
		692D41D5DA6CE33B7BE93896 /* json */ = {
			isa = PBXGroup;
			children = (
				778BE35B5B785CA4586E9FBA /* GenericJSONDecoderTests.swift */,
				B01072C07F694F2CB9332E3D /* MetadataTypeTests.swift */,
				83CE312AE78A4297593E7842 /* 8601 */,
			);
			path = json;
			sourceTree = "<group>";
		};
		83CE312AE78A4297593E7842 /* 8601 */ = {
			isa = PBXGroup;
			children = (
				542DF10FEC0A62A7AF369A36 /* JSONDecoder8601Tests.swift */,
				7FC42567C3874D5392B99B2D /* JSONEncoder8601Tests.swift */,
			);
			path = 8601;
			sourceTree = "<group>";
		};
		88A553A50638CFF13BEB4A91 /* main */ = {
			isa = PBXGroup;
			children = (
				C1472DAFCF9C3C62D7FF26C1 /* resource_bundle_accessor.swift */,
			);
			path = main;
			sourceTree = "<group>";
		};
		90C232D700553FFE6EF95E18 /* json */ = {
			isa = PBXGroup;
			children = (
				C11D2AB53FD7231F143FEAB1 /* Data+JSON.swift */,
				01578350E2B662422E74C3FA /* GenericJSONDecoder.swift */,
				3D39E1C4ED9DF65FD8D70D2E /* MetadataType.swift */,
				45BBC779DDCF389F0A955378 /* PrettyDecodingError.swift */,
				CE9414758FADE9303AE41019 /* 8601 */,
			);
			path = json;
			sourceTree = "<group>";
		};
		95FFA5273E68518B2E35D19C /* signpost */ = {
			isa = PBXGroup;
			children = (
				628E469DAF3BB45B346841BD /* Signpost.swift */,
			);
			path = signpost;
			sourceTree = "<group>";
		};
		A6556CE70BA685DE3E2B1005 = {
			isa = PBXGroup;
			children = (
				E58C0C1E240438C52649AC6D /* bundleaccessor */,
				30F0F7D85AD969C503A347FB /* sources */,
				AFBC324CB1CEBDA5706F4E34 /* Products */,
			);
			indentWidth = 4;
			sourceTree = "<group>";
			tabWidth = 4;
			usesTabs = 0;
		};
		A74DEC564511F05B2544FA0A /* response */ = {
			isa = PBXGroup;
			children = (
				DCED6C76265B62AE92CA6A88 /* Coordinates.swift */,
				55CE3A695B57A1A05EC1DDC1 /* Dob.swift */,
				D6789185671B7BBBD81A74BD /* ID.swift */,
				C7CD8578637AED413186495A /* Info.swift */,
				16364CCE433B645AB77AC816 /* Location.swift */,
				9097C699CFA027D3A83A3764 /* Login.swift */,
				9564F12793AF7219ABCAAC01 /* Name.swift */,
				61F9366E79B70098DCF2FEFF /* Picture.swift */,
				B4ADBEA5004EC90EC62133BE /* Response.swift */,
				B2900C7A287952108F0EB283 /* Street.swift */,
				FBC659AB3264FC7669DC87F3 /* Timezone.swift */,
				57652E62945CEDB8ED9D2414 /* User.swift */,
			);
			path = response;
			sourceTree = "<group>";
		};
		AFBC324CB1CEBDA5706F4E34 /* Products */ = {
			isa = PBXGroup;
			children = (
				CEB94AB396956A091A12E05B /* Networking.framework */,
				C28CA6C82EF4E4680A851764 /* NetworkingTests.xctest */,
			);
			name = Products;
			sourceTree = "<group>";
		};
		CE9414758FADE9303AE41019 /* 8601 */ = {
			isa = PBXGroup;
			children = (
				5E4A24841656BB23D0637676 /* Formatter+8601.swift */,
				204484484B286934144D8FEB /* JSONDecoder+8601.swift */,
				1737FC9CBAF0E64E176C6C5F /* JSONEncoder+8601.swift */,
			);
			path = 8601;
			sourceTree = "<group>";
		};
		D8D9A6747F0B7F4BF373CA31 /* tests */ = {
			isa = PBXGroup;
			children = (
				B5A0BFA7EF9D8FBFDE2C5A3C /* resource_bundle_accessor.swift */,
			);
			path = tests;
			sourceTree = "<group>";
		};
		E58C0C1E240438C52649AC6D /* bundleaccessor */ = {
			isa = PBXGroup;
			children = (
				88A553A50638CFF13BEB4A91 /* main */,
				D8D9A6747F0B7F4BF373CA31 /* tests */,
			);
			path = bundleaccessor;
			sourceTree = "<group>";
		};
		E6BFF05E0B5552FAF2246D56 /* randomuser */ = {
			isa = PBXGroup;
			children = (
				A74DEC564511F05B2544FA0A /* response */,
			);
			path = randomuser;
			sourceTree = "<group>";
		};
		E92703BD4C7F9605D4DE9C0C /* resources */ = {
			isa = PBXGroup;
			children = (
				EE1262E62BE709CA214FE857 /* oneRandomUser.json */,
			);
			path = resources;
			sourceTree = "<group>";
		};
		FAD8245DC6DBBDEDD39AEE1D /* http */ = {
			isa = PBXGroup;
			children = (
				DD6776A1FAE9F82D7DD073CC /* MediaType.swift */,
				60D15A786C612CA158EF5B6E /* Method.swift */,
				007C99893CE19A4EAFD47D86 /* Status.swift */,
			);
			path = http;
			sourceTree = "<group>";
		};
/* End PBXGroup section */

/* Begin PBXNativeTarget section */
		1E63DC1CCC5B22B03E06E966 /* Networking */ = {
			isa = PBXNativeTarget;
			buildConfigurationList = A38C92A2BD4F7C67744BEADA /* Build configuration list for PBXNativeTarget "Networking" */;
			buildPhases = (
				DB91D5F7F3FED504A5F5EC14 /* Sources */,
				EC7FD9DF70846A9847418FE9 /* Swiftlint */,
				72592999F436558FC84554F8 /* Resources */,
				EDC35DF7348B62B9866B925F /* Frameworks */,
			);
			buildRules = (
			);
			dependencies = (
			);
			name = Networking;
			packageProductDependencies = (
				7C4CD1F03B5F53E58C290555 /* LogDynamic */,
				AC1F718AB6E4EA3ABBB920F0 /* SessionDynamic */,
			);
			productName = Networking;
			productReference = CEB94AB396956A091A12E05B /* Networking.framework */;
			productType = "com.apple.product-type.framework";
		};
		F37FCD8E01CA56BB3BD87FD6 /* NetworkingTests */ = {
			isa = PBXNativeTarget;
			buildConfigurationList = D42AFAAC0E68825F168579BE /* Build configuration list for PBXNativeTarget "NetworkingTests" */;
			buildPhases = (
				C84E7A3CEEB753A084B0B760 /* Sources */,
				0250463EEF0BF0D0E5F2D530 /* Resources */,
				1E0CC9ED941C2A318D84DDCE /* Frameworks */,
				91802F57CFB9639C7F423B15 /* Embed Frameworks */,
			);
			buildRules = (
			);
			dependencies = (
				E7CBEA2FB3C669FF81BA6504 /* PBXTargetDependency */,
			);
			name = NetworkingTests;
			packageProductDependencies = (
				DBA313BE009503F1C591F6DF /* LogDynamic */,
				198DA07B2F1DBB639D58456C /* SessionDynamic */,
			);
			productName = NetworkingTests;
			productReference = C28CA6C82EF4E4680A851764 /* NetworkingTests.xctest */;
			productType = "com.apple.product-type.bundle.unit-test";
		};
/* End PBXNativeTarget section */

/* Begin PBXProject section */
		CC04E9F23ECE8BE9BFA0029D /* Project object */ = {
			isa = PBXProject;
			attributes = {
				LastUpgradeCheck = 1200;
				TargetAttributes = {
				};
			};
			buildConfigurationList = FEB7E731AD1BAD90CD6A8409 /* Build configuration list for PBXProject "Networking" */;
			compatibilityVersion = "Xcode 10.0";
			developmentRegion = en;
			hasScannedForEncodings = 0;
			knownRegions = (
				Base,
				en,
			);
			mainGroup = A6556CE70BA685DE3E2B1005;
			packageReferences = (
				C205BC5230F56A9A3C426B51 /* XCRemoteSwiftPackageReference "log" */,
				31B63B185B8854518B28A5E0 /* XCRemoteSwiftPackageReference "session" */,
			);
			projectDirPath = "";
			projectRoot = "";
			targets = (
				1E63DC1CCC5B22B03E06E966 /* Networking */,
				F37FCD8E01CA56BB3BD87FD6 /* NetworkingTests */,
			);
		};
/* End PBXProject section */

/* Begin PBXResourcesBuildPhase section */
		0250463EEF0BF0D0E5F2D530 /* Resources */ = {
			isa = PBXResourcesBuildPhase;
			buildActionMask = 2147483647;
			files = (
				A6C141E0F778FAE73135CD74 /* oneRandomUser.json in Resources */,
			);
			runOnlyForDeploymentPostprocessing = 0;
		};
		72592999F436558FC84554F8 /* Resources */ = {
			isa = PBXResourcesBuildPhase;
			buildActionMask = 2147483647;
			files = (
				97FDE2972D35AAEB9221A4B5 /* Localizable.strings in Resources */,
			);
			runOnlyForDeploymentPostprocessing = 0;
		};
/* End PBXResourcesBuildPhase section */

/* Begin PBXShellScriptBuildPhase section */
		EC7FD9DF70846A9847418FE9 /* Swiftlint */ = {
			isa = PBXShellScriptBuildPhase;
			buildActionMask = 2147483647;
			files = (
			);
			inputFileListPaths = (
			);
			inputPaths = (
			);
			name = Swiftlint;
			outputFileListPaths = (
			);
			outputPaths = (
			);
			runOnlyForDeploymentPostprocessing = 0;
			shellPath = /bin/sh;
			shellScript = swiftlint;
		};
/* End PBXShellScriptBuildPhase section */

/* Begin PBXSourcesBuildPhase section */
		C84E7A3CEEB753A084B0B760 /* Sources */ = {
			isa = PBXSourcesBuildPhase;
			buildActionMask = 2147483647;
			files = (
				DFA03A3FC496D1203F87750C /* ClientTests.swift in Sources */,
				1B1584A2B5A84B0E22953241 /* Coordinates.swift in Sources */,
				A2645A7F59F4CA5BBA8AF194 /* Dob.swift in Sources */,
				A41E65D614CEA78C157A6D85 /* GenericJSONDecoderTests.swift in Sources */,
				027840004C5EFE33C8F2A972 /* ID.swift in Sources */,
				2BD728ED719D4905468B14D4 /* Info.swift in Sources */,
				A92403D6A2CE7BB60EEB53FC /* JSONDecoder8601Tests.swift in Sources */,
				B7EF70B8093FE16FA544498E /* JSONEncoder8601Tests.swift in Sources */,
				6BB4DA65B5DB5CDBD575BD31 /* Location.swift in Sources */,
				F47588E20E6F0C0FFE82FF9E /* LogBuilderTests.swift in Sources */,
				8F4023930E4F11D383290349 /* Login.swift in Sources */,
				667FEBFC8292ADC1B6C9735C /* MetadataTypeTests.swift in Sources */,
				BC3879F7FF0E019B3498B63C /* Name.swift in Sources */,
				D97CC0EB2B7FA62939569B3A /* Picture.swift in Sources */,
				716D267FBC806581F6896A9B /* ReportTests.swift in Sources */,
				6B00DED1F10E80D5A9A40B51 /* Response.swift in Sources */,
				9A65A27C1D255603CF659B1C /* SectionTests.swift in Sources */,
				E8D5D2CD0BADA8C52BD4DB36 /* Street.swift in Sources */,
				76F3BE5589C9ACD6C3CCF09F /* Timezone.swift in Sources */,
				CA3241DC12C9755C2DF3CB1F /* User.swift in Sources */,
				876B5901464F2D62D7E0A881 /* i18nTests.swift in Sources */,
				5700F959C0A8F0BBE64AB531 /* resource_bundle_accessor.swift in Sources */,
			);
			runOnlyForDeploymentPostprocessing = 0;
		};
		DB91D5F7F3FED504A5F5EC14 /* Sources */ = {
			isa = PBXSourcesBuildPhase;
			buildActionMask = 2147483647;
			files = (
				B1E167C1C755787D14F8A713 /* Client.swift in Sources */,
				3CBCDF215591CB2634B53868 /* Configure.swift in Sources */,
				400E1D7E888F10A7F1CEFD1E /* Data+JSON.swift in Sources */,
				7BCDF427E3578741B23A7CBD /* Formatter+8601.swift in Sources */,
				1C2FDA3F7C9F712AF69C9D95 /* GenericJSONDecoder+HTTPResult.swift in Sources */,
				C84F2EA43E814D4B706A56F1 /* GenericJSONDecoder.swift in Sources */,
				DC2E77046842049419B05444 /* HTTPResult.swift in Sources */,
				34C56018EA8488AE151D1D29 /* JSONDecoder+8601.swift in Sources */,
				120BF35BF747F34BD983640E /* JSONEncoder+8601.swift in Sources */,
				0D877690D4215DFB459BBF84 /* Log.swift in Sources */,
				810884B51AF9240A3B3F468B /* LogBuilder.swift in Sources */,
				8A12FF2431D7EB72C7456E40 /* MediaType.swift in Sources */,
				A7DAC55095A4CC4F7F6C8A3C /* MetadataType.swift in Sources */,
				E78455D845D0AA37CD883596 /* Method.swift in Sources */,
				DFF4A5BCE9034672C8FDA05A /* PrettyDecodingError.swift in Sources */,
				13DA4EEF8E83ED551FAE4CBD /* Report.swift in Sources */,
				A10F41385175EF3FE6867C17 /* ReportSection.swift in Sources */,
				677FAC5676D45C2F79441BD0 /* RequestError.swift in Sources */,
				9DD004401E9289FD372CA92B /* Resource.swift in Sources */,
				F50D5463E0F36A7D62F70C77 /* Signpost.swift in Sources */,
				0D2D8677681F3A2CC1FB2628 /* Status.swift in Sources */,
				6D04CE3BC91B76115B270CBE /* URLRequest+Resource.swift in Sources */,
				01E12277200AC0B8B27F4FD9 /* i18n.swift in Sources */,
				C1D5847836E8F5434AAF3FD9 /* resource_bundle_accessor.swift in Sources */,
			);
			runOnlyForDeploymentPostprocessing = 0;
		};
/* End PBXSourcesBuildPhase section */

/* Begin PBXTargetDependency section */
		E7CBEA2FB3C669FF81BA6504 /* PBXTargetDependency */ = {
			isa = PBXTargetDependency;
			target = 1E63DC1CCC5B22B03E06E966 /* Networking */;
			targetProxy = ED7EDCEFD6B3F4FA69922245 /* PBXContainerItemProxy */;
		};
/* End PBXTargetDependency section */

/* Begin PBXVariantGroup section */
		8A25B5B76C10FC54CC4879F1 /* Localizable.strings */ = {
			isa = PBXVariantGroup;
			children = (
				0C0B2CFB32A0D34B7BDE553C /* en */,
			);
			name = Localizable.strings;
			sourceTree = "<group>";
		};
/* End PBXVariantGroup section */

/* Begin XCBuildConfiguration section */
		069289F2B9220078FC340072 /* Debug */ = {
			isa = XCBuildConfiguration;
			buildSettings = {
				CODE_SIGN_IDENTITY = "";
				CURRENT_PROJECT_VERSION = 1;
				DEFINES_MODULE = YES;
				DYLIB_COMPATIBILITY_VERSION = 1;
				DYLIB_CURRENT_VERSION = 1;
				DYLIB_INSTALL_NAME_BASE = "@rpath";
				INFOPLIST_FILE = targets/main/Info.plist;
				INSTALL_PATH = "$(LOCAL_LIBRARY_DIR)/Frameworks";
				LD_RUNPATH_SEARCH_PATHS = (
					"$(inherited)",
					"@executable_path/Frameworks",
				);
				PRODUCT_BUNDLE_IDENTIFIER = dev.jano.networking;
				PRODUCT_NAME = Networking;
				SDKROOT = iphoneos;
				SKIP_INSTALL = YES;
				TARGETED_DEVICE_FAMILY = "1,2";
				VERSIONING_SYSTEM = "apple-generic";
			};
			name = Debug;
		};
		401D1CEA9B80D0218ED0A528 /* Release */ = {
			isa = XCBuildConfiguration;
			buildSettings = {
				BUNDLE_LOADER = "$(TEST_HOST)";
				INFOPLIST_FILE = targets/tests/Info.plist;
				LD_RUNPATH_SEARCH_PATHS = (
					"$(inherited)",
					"@executable_path/Frameworks",
					"@loader_path/Frameworks",
				);
				PRODUCT_BUNDLE_IDENTIFIER = dev.jano.networking.tests;
				SDKROOT = iphoneos;
				TARGETED_DEVICE_FAMILY = "1,2";
				TEST_HOST = "";
			};
			name = Release;
		};
		815DF5F1B477001526E66D33 /* Release */ = {
			isa = XCBuildConfiguration;
			buildSettings = {
				ALWAYS_SEARCH_USER_PATHS = NO;
				CLANG_ANALYZER_LOCALIZABILITY_NONLOCALIZED = YES;
				CLANG_ANALYZER_NONNULL = YES;
				CLANG_ANALYZER_NUMBER_OBJECT_CONVERSION = YES_AGGRESSIVE;
				CLANG_CXX_LANGUAGE_STANDARD = "gnu++14";
				CLANG_CXX_LIBRARY = "libc++";
				CLANG_ENABLE_MODULES = YES;
				CLANG_ENABLE_OBJC_ARC = YES;
				CLANG_ENABLE_OBJC_WEAK = YES;
				CLANG_WARN_BLOCK_CAPTURE_AUTORELEASING = YES;
				CLANG_WARN_BOOL_CONVERSION = YES;
				CLANG_WARN_COMMA = YES;
				CLANG_WARN_CONSTANT_CONVERSION = YES;
				CLANG_WARN_DEPRECATED_OBJC_IMPLEMENTATIONS = YES;
				CLANG_WARN_DIRECT_OBJC_ISA_USAGE = YES_ERROR;
				CLANG_WARN_DOCUMENTATION_COMMENTS = YES;
				CLANG_WARN_EMPTY_BODY = YES;
				CLANG_WARN_ENUM_CONVERSION = YES;
				CLANG_WARN_INFINITE_RECURSION = YES;
				CLANG_WARN_INT_CONVERSION = YES;
				CLANG_WARN_NON_LITERAL_NULL_CONVERSION = YES;
				CLANG_WARN_OBJC_IMPLICIT_RETAIN_SELF = YES;
				CLANG_WARN_OBJC_LITERAL_CONVERSION = YES;
				CLANG_WARN_OBJC_ROOT_CLASS = YES_ERROR;
				CLANG_WARN_QUOTED_INCLUDE_IN_FRAMEWORK_HEADER = YES;
				CLANG_WARN_RANGE_LOOP_ANALYSIS = YES;
				CLANG_WARN_STRICT_PROTOTYPES = YES;
				CLANG_WARN_SUSPICIOUS_MOVE = YES;
				CLANG_WARN_UNGUARDED_AVAILABILITY = YES_AGGRESSIVE;
				CLANG_WARN_UNREACHABLE_CODE = YES;
				CLANG_WARN__DUPLICATE_METHOD_MATCH = YES;
				COPY_PHASE_STRIP = NO;
				DEBUG_INFORMATION_FORMAT = "dwarf-with-dsym";
				ENABLE_NS_ASSERTIONS = NO;
				ENABLE_STRICT_OBJC_MSGSEND = YES;
				GCC_C_LANGUAGE_STANDARD = gnu11;
				GCC_NO_COMMON_BLOCKS = YES;
				GCC_WARN_64_TO_32_BIT_CONVERSION = YES;
				GCC_WARN_ABOUT_RETURN_TYPE = YES_ERROR;
				GCC_WARN_UNDECLARED_SELECTOR = YES;
				GCC_WARN_UNINITIALIZED_AUTOS = YES_AGGRESSIVE;
				GCC_WARN_UNUSED_FUNCTION = YES;
				GCC_WARN_UNUSED_VARIABLE = YES;
				IPHONEOS_DEPLOYMENT_TARGET = 14.5;
				MTL_ENABLE_DEBUG_INFO = NO;
				MTL_FAST_MATH = YES;
				PRODUCT_NAME = "$(TARGET_NAME)";
				SDKROOT = iphoneos;
				SWIFT_COMPILATION_MODE = wholemodule;
				SWIFT_OPTIMIZATION_LEVEL = "-O";
				SWIFT_VERSION = 5.0;
			};
			name = Release;
		};
		E3BF0DCCECEBDE711BCDFA9F /* Release */ = {
			isa = XCBuildConfiguration;
			buildSettings = {
				CODE_SIGN_IDENTITY = "";
				CURRENT_PROJECT_VERSION = 1;
				DEFINES_MODULE = YES;
				DYLIB_COMPATIBILITY_VERSION = 1;
				DYLIB_CURRENT_VERSION = 1;
				DYLIB_INSTALL_NAME_BASE = "@rpath";
				INFOPLIST_FILE = targets/main/Info.plist;
				INSTALL_PATH = "$(LOCAL_LIBRARY_DIR)/Frameworks";
				LD_RUNPATH_SEARCH_PATHS = (
					"$(inherited)",
					"@executable_path/Frameworks",
				);
				PRODUCT_BUNDLE_IDENTIFIER = dev.jano.networking;
				PRODUCT_NAME = Networking;
				SDKROOT = iphoneos;
				SKIP_INSTALL = YES;
				TARGETED_DEVICE_FAMILY = "1,2";
				VERSIONING_SYSTEM = "apple-generic";
			};
			name = Release;
		};
		EA1DE3DCA03A52B46DCE81A9 /* Debug */ = {
			isa = XCBuildConfiguration;
			buildSettings = {
				ALWAYS_SEARCH_USER_PATHS = NO;
				CLANG_ANALYZER_LOCALIZABILITY_NONLOCALIZED = YES;
				CLANG_ANALYZER_NONNULL = YES;
				CLANG_ANALYZER_NUMBER_OBJECT_CONVERSION = YES_AGGRESSIVE;
				CLANG_CXX_LANGUAGE_STANDARD = "gnu++14";
				CLANG_CXX_LIBRARY = "libc++";
				CLANG_ENABLE_MODULES = YES;
				CLANG_ENABLE_OBJC_ARC = YES;
				CLANG_ENABLE_OBJC_WEAK = YES;
				CLANG_WARN_BLOCK_CAPTURE_AUTORELEASING = YES;
				CLANG_WARN_BOOL_CONVERSION = YES;
				CLANG_WARN_COMMA = YES;
				CLANG_WARN_CONSTANT_CONVERSION = YES;
				CLANG_WARN_DEPRECATED_OBJC_IMPLEMENTATIONS = YES;
				CLANG_WARN_DIRECT_OBJC_ISA_USAGE = YES_ERROR;
				CLANG_WARN_DOCUMENTATION_COMMENTS = YES;
				CLANG_WARN_EMPTY_BODY = YES;
				CLANG_WARN_ENUM_CONVERSION = YES;
				CLANG_WARN_INFINITE_RECURSION = YES;
				CLANG_WARN_INT_CONVERSION = YES;
				CLANG_WARN_NON_LITERAL_NULL_CONVERSION = YES;
				CLANG_WARN_OBJC_IMPLICIT_RETAIN_SELF = YES;
				CLANG_WARN_OBJC_LITERAL_CONVERSION = YES;
				CLANG_WARN_OBJC_ROOT_CLASS = YES_ERROR;
				CLANG_WARN_QUOTED_INCLUDE_IN_FRAMEWORK_HEADER = YES;
				CLANG_WARN_RANGE_LOOP_ANALYSIS = YES;
				CLANG_WARN_STRICT_PROTOTYPES = YES;
				CLANG_WARN_SUSPICIOUS_MOVE = YES;
				CLANG_WARN_UNGUARDED_AVAILABILITY = YES_AGGRESSIVE;
				CLANG_WARN_UNREACHABLE_CODE = YES;
				CLANG_WARN__DUPLICATE_METHOD_MATCH = YES;
				COPY_PHASE_STRIP = NO;
				DEBUG_INFORMATION_FORMAT = dwarf;
				ENABLE_STRICT_OBJC_MSGSEND = YES;
				ENABLE_TESTABILITY = YES;
				GCC_C_LANGUAGE_STANDARD = gnu11;
				GCC_DYNAMIC_NO_PIC = NO;
				GCC_NO_COMMON_BLOCKS = YES;
				GCC_OPTIMIZATION_LEVEL = 0;
				GCC_PREPROCESSOR_DEFINITIONS = (
					"$(inherited)",
					"DEBUG=1",
				);
				GCC_WARN_64_TO_32_BIT_CONVERSION = YES;
				GCC_WARN_ABOUT_RETURN_TYPE = YES_ERROR;
				GCC_WARN_UNDECLARED_SELECTOR = YES;
				GCC_WARN_UNINITIALIZED_AUTOS = YES_AGGRESSIVE;
				GCC_WARN_UNUSED_FUNCTION = YES;
				GCC_WARN_UNUSED_VARIABLE = YES;
				IPHONEOS_DEPLOYMENT_TARGET = 14.5;
				MTL_ENABLE_DEBUG_INFO = INCLUDE_SOURCE;
				MTL_FAST_MATH = YES;
				ONLY_ACTIVE_ARCH = YES;
				PRODUCT_NAME = "$(TARGET_NAME)";
				SDKROOT = iphoneos;
				SWIFT_ACTIVE_COMPILATION_CONDITIONS = DEBUG;
				SWIFT_OPTIMIZATION_LEVEL = "-Onone";
				SWIFT_VERSION = 5.0;
			};
			name = Debug;
		};
		FBBC92BD7963645F6977681C /* Debug */ = {
			isa = XCBuildConfiguration;
			buildSettings = {
				BUNDLE_LOADER = "$(TEST_HOST)";
				INFOPLIST_FILE = targets/tests/Info.plist;
				LD_RUNPATH_SEARCH_PATHS = (
					"$(inherited)",
					"@executable_path/Frameworks",
					"@loader_path/Frameworks",
				);
				PRODUCT_BUNDLE_IDENTIFIER = dev.jano.networking.tests;
				SDKROOT = iphoneos;
				TARGETED_DEVICE_FAMILY = "1,2";
				TEST_HOST = "";
			};
			name = Debug;
		};
/* End XCBuildConfiguration section */

/* Begin XCConfigurationList section */
		A38C92A2BD4F7C67744BEADA /* Build configuration list for PBXNativeTarget "Networking" */ = {
			isa = XCConfigurationList;
			buildConfigurations = (
				069289F2B9220078FC340072 /* Debug */,
				E3BF0DCCECEBDE711BCDFA9F /* Release */,
			);
			defaultConfigurationIsVisible = 0;
			defaultConfigurationName = Debug;
		};
		D42AFAAC0E68825F168579BE /* Build configuration list for PBXNativeTarget "NetworkingTests" */ = {
			isa = XCConfigurationList;
			buildConfigurations = (
				FBBC92BD7963645F6977681C /* Debug */,
				401D1CEA9B80D0218ED0A528 /* Release */,
			);
			defaultConfigurationIsVisible = 0;
			defaultConfigurationName = Debug;
		};
		FEB7E731AD1BAD90CD6A8409 /* Build configuration list for PBXProject "Networking" */ = {
			isa = XCConfigurationList;
			buildConfigurations = (
				EA1DE3DCA03A52B46DCE81A9 /* Debug */,
				815DF5F1B477001526E66D33 /* Release */,
			);
			defaultConfigurationIsVisible = 0;
			defaultConfigurationName = Debug;
		};
/* End XCConfigurationList section */

/* Begin XCRemoteSwiftPackageReference section */
		31B63B185B8854518B28A5E0 /* XCRemoteSwiftPackageReference "session" */ = {
			isa = XCRemoteSwiftPackageReference;
			repositoryURL = "git@github.com:janodev/session.git";
			requirement = {
				kind = upToNextMajorVersion;
				minimumVersion = 1.0.0;
			};
		};
		C205BC5230F56A9A3C426B51 /* XCRemoteSwiftPackageReference "log" */ = {
			isa = XCRemoteSwiftPackageReference;
			repositoryURL = "git@github.com:janodev/log.git";
			requirement = {
				kind = upToNextMajorVersion;
				minimumVersion = 1.0.0;
			};
		};
/* End XCRemoteSwiftPackageReference section */

/* Begin XCSwiftPackageProductDependency section */
		198DA07B2F1DBB639D58456C /* SessionDynamic */ = {
			isa = XCSwiftPackageProductDependency;
			package = 31B63B185B8854518B28A5E0 /* XCRemoteSwiftPackageReference "session" */;
			productName = SessionDynamic;
		};
		7C4CD1F03B5F53E58C290555 /* LogDynamic */ = {
			isa = XCSwiftPackageProductDependency;
			package = C205BC5230F56A9A3C426B51 /* XCRemoteSwiftPackageReference "log" */;
			productName = LogDynamic;
		};
		AC1F718AB6E4EA3ABBB920F0 /* SessionDynamic */ = {
			isa = XCSwiftPackageProductDependency;
			package = 31B63B185B8854518B28A5E0 /* XCRemoteSwiftPackageReference "session" */;
			productName = SessionDynamic;
		};
		DBA313BE009503F1C591F6DF /* LogDynamic */ = {
			isa = XCSwiftPackageProductDependency;
			package = C205BC5230F56A9A3C426B51 /* XCRemoteSwiftPackageReference "log" */;
			productName = LogDynamic;
		};
/* End XCSwiftPackageProductDependency section */
	};
	rootObject = CC04E9F23ECE8BE9BFA0029D /* Project object */;
}
